# This file is automatically @generated by Poetry 2.1.4 and should not be changed by hand.

[[package]]
name = "my-helper-kit"
version = "0.1.0"
description = ""
optional = false
python-versions = ">=3.13"
groups = ["main"]
files = []
develop = false

[package.source]
type = "git"
url = "https://github.com/amithasarath/my-helper-kit.git"
reference = "27fe2284214b109e1fe44fe96c5578a974ec0dc4"
resolved_reference = "27fe2284214b109e1fe44fe96c5578a974ec0dc4"

[metadata]
lock-version = "2.1"
python-versions = ">=3.13"
content-hash = "067c81b6ffb91828a21e5042e1da4ab5b453e32613c5ea55208b64a31ba3b243"
