# This file is automatically @generated by Poetry 2.1.4 and should not be changed by hand.

[[package]]
name = "my-helper-kit"
version = "0.1.0"
description = ""
optional = false
python-versions = ">=3.13"
groups = ["main"]
files = []
develop = false

[package.source]
type = "git"
url = "https://github.com/amithasarath/my-helper-kit.git"
reference = "2c3b2af325952704bce0a68cedbd9cd0da306199"
resolved_reference = "2c3b2af325952704bce0a68cedbd9cd0da306199"

[metadata]
lock-version = "2.1"
python-versions = ">=3.13"
content-hash = "9539fa070ae7e38bbae9b5df8748c26b89ae2fda2402276a130d549d6c0f393f"
